
Microsoft Visual Studio Solution File, Format Version 12.00
# Visual Studio Version 17
VisualStudioVersion = 17.9.34701.34
MinimumVisualStudioVersion = 10.0.40219.1
Project("{FAE04EC0-301F-11D3-BF4B-00C04F79EFBC}") = "TS", "TS\TS.csproj", "{67330A5D-F477-4DD3-AAB3-12904F0ED630}"
EndProject
Project("{FAE04EC0-301F-11D3-BF4B-00C04F79EFBC}") = "dominio", "dominio\dominio.csproj", "{0C807872-3B00-4891-A66F-B2C96A5F87F3}"
EndProject
Global
	GlobalSection(SolutionConfigurationPlatforms) = preSolution
		Debug|Any CPU = Debug|Any CPU
		Release|Any CPU = Release|Any CPU
	EndGlobalSection
	GlobalSection(ProjectConfigurationPlatforms) = postSolution
		{67330A5D-F477-4DD3-AAB3-12904F0ED630}.Debug|Any CPU.ActiveCfg = Debug|Any CPU
		{67330A5D-F477-4DD3-AAB3-12904F0ED630}.Debug|Any CPU.Build.0 = Debug|Any CPU
		{67330A5D-F477-4DD3-AAB3-12904F0ED630}.Release|Any CPU.ActiveCfg = Release|Any CPU
		{67330A5D-F477-4DD3-AAB3-12904F0ED630}.Release|Any CPU.Build.0 = Release|Any CPU
		{0C807872-3B00-4891-A66F-B2C96A5F87F3}.Debug|Any CPU.ActiveCfg = Debug|Any CPU
		{0C807872-3B00-4891-A66F-B2C96A5F87F3}.Debug|Any CPU.Build.0 = Debug|Any CPU
		{0C807872-3B00-4891-A66F-B2C96A5F87F3}.Release|Any CPU.ActiveCfg = Release|Any CPU
		{0C807872-3B00-4891-A66F-B2C96A5F87F3}.Release|Any CPU.Build.0 = Release|Any CPU
	EndGlobalSection
	GlobalSection(SolutionProperties) = preSolution
		HideSolutionNode = FALSE
	EndGlobalSection
	GlobalSection(ExtensibilityGlobals) = postSolution
		SolutionGuid = {670B6253-2179-4235-9B2E-52EA5685E917}
	EndGlobalSection
EndGlobal
