
Microsoft Visual Studio Solution File, Format Version 12.00
# Visual Studio Version 17
VisualStudioVersion = 17.4.33205.214
MinimumVisualStudioVersion = 10.0.40219.1
Project("{FAE04EC0-301F-11D3-BF4B-00C04F79EFBC}") = "aprendiendo", "aprendiendo\aprendiendo.csproj", "{7628A9CE-B518-4BCB-AD63-259499B931F3}"
EndProject
Global
	GlobalSection(SolutionConfigurationPlatforms) = preSolution
		Debug|Any CPU = Debug|Any CPU
		Release|Any CPU = Release|Any CPU
	EndGlobalSection
	GlobalSection(ProjectConfigurationPlatforms) = postSolution
		{7628A9CE-B518-4BCB-AD63-259499B931F3}.Debug|Any CPU.ActiveCfg = Debug|Any CPU
		{7628A9CE-B518-4BCB-AD63-259499B931F3}.Debug|Any CPU.Build.0 = Debug|Any CPU
		{7628A9CE-B518-4BCB-AD63-259499B931F3}.Release|Any CPU.ActiveCfg = Release|Any CPU
		{7628A9CE-B518-4BCB-AD63-259499B931F3}.Release|Any CPU.Build.0 = Release|Any CPU
	EndGlobalSection
	GlobalSection(SolutionProperties) = preSolution
		HideSolutionNode = FALSE
	EndGlobalSection
	GlobalSection(ExtensibilityGlobals) = postSolution
		SolutionGuid = {7925FB97-EE20-4312-ACC8-098DF325D471}
	EndGlobalSection
EndGlobal
